
Microsoft Visual Studio Solution File, Format Version 12.00
# Visual Studio Version 17
VisualStudioVersion = 17.5.33530.505
MinimumVisualStudioVersion = 10.0.40219.1
Project("{9A19103F-16F7-4668-BE54-9A1E7A4F7556}") = "LeetCode.NET", "LeetCode.NET\LeetCode.NET.csproj", "{57A5B32C-58A8-4C1F-83E8-3415FDEBBC4B}"
EndProject
Project("{9A19103F-16F7-4668-BE54-9A1E7A4F7556}") = "LeetCode.NET.Tests", "LeetCode.NET.Tests\LeetCode.NET.Tests.csproj", "{7BE92D06-5335-488E-98B1-256481D1C6BA}"
EndProject
Project("{2150E333-8FDC-42A3-9474-1A3956D46DE8}") = "Solution Items", "Solution Items", "{F6C945E2-8295-4BD1-BD69-76270527524A}"
	ProjectSection(SolutionItems) = preProject
		.editorconfig = .editorconfig
	EndProjectSection
EndProject
Global
	GlobalSection(SolutionConfigurationPlatforms) = preSolution
		Debug|Any CPU = Debug|Any CPU
		Release|Any CPU = Release|Any CPU
	EndGlobalSection
	GlobalSection(ProjectConfigurationPlatforms) = postSolution
		{57A5B32C-58A8-4C1F-83E8-3415FDEBBC4B}.Debug|Any CPU.ActiveCfg = Debug|Any CPU
		{57A5B32C-58A8-4C1F-83E8-3415FDEBBC4B}.Debug|Any CPU.Build.0 = Debug|Any CPU
		{57A5B32C-58A8-4C1F-83E8-3415FDEBBC4B}.Release|Any CPU.ActiveCfg = Release|Any CPU
		{57A5B32C-58A8-4C1F-83E8-3415FDEBBC4B}.Release|Any CPU.Build.0 = Release|Any CPU
		{7BE92D06-5335-488E-98B1-256481D1C6BA}.Debug|Any CPU.ActiveCfg = Debug|Any CPU
		{7BE92D06-5335-488E-98B1-256481D1C6BA}.Debug|Any CPU.Build.0 = Debug|Any CPU
		{7BE92D06-5335-488E-98B1-256481D1C6BA}.Release|Any CPU.ActiveCfg = Release|Any CPU
		{7BE92D06-5335-488E-98B1-256481D1C6BA}.Release|Any CPU.Build.0 = Release|Any CPU
	EndGlobalSection
	GlobalSection(SolutionProperties) = preSolution
		HideSolutionNode = FALSE
	EndGlobalSection
	GlobalSection(ExtensibilityGlobals) = postSolution
		SolutionGuid = {DBB3DF2B-098C-4243-B388-8C147C67228E}
	EndGlobalSection
EndGlobal
