
Microsoft Visual Studio Solution File, Format Version 12.00
# Visual Studio Version 17
VisualStudioVersion = 17.5.33530.505
MinimumVisualStudioVersion = 10.0.40219.1
Project("{FAE04EC0-301F-11D3-BF4B-00C04F79EFBC}") = "LeetCode.NET", "LeetCode.NET.csproj", "{1C7C9372-DB04-4282-B80A-1B466CF3523E}"
EndProject
Project("{FAE04EC0-301F-11D3-BF4B-00C04F79EFBC}") = "LeetCode.NET.Tests", "..\LeetCode.NET.Tests\LeetCode.NET.Tests.csproj", "{21EC6011-E3C0-4F53-A315-EEA235500E44}"
EndProject
Global
	GlobalSection(SolutionConfigurationPlatforms) = preSolution
		Debug|Any CPU = Debug|Any CPU
		Release|Any CPU = Release|Any CPU
	EndGlobalSection
	GlobalSection(ProjectConfigurationPlatforms) = postSolution
		{1C7C9372-DB04-4282-B80A-1B466CF3523E}.Debug|Any CPU.ActiveCfg = Debug|Any CPU
		{1C7C9372-DB04-4282-B80A-1B466CF3523E}.Debug|Any CPU.Build.0 = Debug|Any CPU
		{1C7C9372-DB04-4282-B80A-1B466CF3523E}.Release|Any CPU.ActiveCfg = Release|Any CPU
		{1C7C9372-DB04-4282-B80A-1B466CF3523E}.Release|Any CPU.Build.0 = Release|Any CPU
		{21EC6011-E3C0-4F53-A315-EEA235500E44}.Debug|Any CPU.ActiveCfg = Debug|Any CPU
		{21EC6011-E3C0-4F53-A315-EEA235500E44}.Debug|Any CPU.Build.0 = Debug|Any CPU
		{21EC6011-E3C0-4F53-A315-EEA235500E44}.Release|Any CPU.ActiveCfg = Release|Any CPU
		{21EC6011-E3C0-4F53-A315-EEA235500E44}.Release|Any CPU.Build.0 = Release|Any CPU
	EndGlobalSection
	GlobalSection(SolutionProperties) = preSolution
		HideSolutionNode = FALSE
	EndGlobalSection
	GlobalSection(ExtensibilityGlobals) = postSolution
		SolutionGuid = {DBB3DF2B-098C-4243-B388-8C147C67228E}
	EndGlobalSection
EndGlobal
